
Microsoft Visual Studio Solution File, Format Version 12.00
# Visual Studio Version 17
VisualStudioVersion = 17.8.34408.163
MinimumVisualStudioVersion = 10.0.40219.1
Project("{FAE04EC0-301F-11D3-BF4B-00C04F79EFBC}") = "MatematikaLibraries", "MatematikaLibraries\MatematikaLibraries.csproj", "{EC68218F-B748-49E3-9BF7-B7DB05991FAD}"
EndProject
Project("{FAE04EC0-301F-11D3-BF4B-00C04F79EFBC}") = "console", "console\console.csproj", "{E9455034-CE89-4EDB-85E5-7D7534F578A7}"
EndProject
Global
	GlobalSection(SolutionConfigurationPlatforms) = preSolution
		Debug|Any CPU = Debug|Any CPU
		Release|Any CPU = Release|Any CPU
	EndGlobalSection
	GlobalSection(ProjectConfigurationPlatforms) = postSolution
		{EC68218F-B748-49E3-9BF7-B7DB05991FAD}.Debug|Any CPU.ActiveCfg = Debug|Any CPU
		{EC68218F-B748-49E3-9BF7-B7DB05991FAD}.Debug|Any CPU.Build.0 = Debug|Any CPU
		{EC68218F-B748-49E3-9BF7-B7DB05991FAD}.Release|Any CPU.ActiveCfg = Release|Any CPU
		{EC68218F-B748-49E3-9BF7-B7DB05991FAD}.Release|Any CPU.Build.0 = Release|Any CPU
		{E9455034-CE89-4EDB-85E5-7D7534F578A7}.Debug|Any CPU.ActiveCfg = Debug|Any CPU
		{E9455034-CE89-4EDB-85E5-7D7534F578A7}.Debug|Any CPU.Build.0 = Debug|Any CPU
		{E9455034-CE89-4EDB-85E5-7D7534F578A7}.Release|Any CPU.ActiveCfg = Release|Any CPU
		{E9455034-CE89-4EDB-85E5-7D7534F578A7}.Release|Any CPU.Build.0 = Release|Any CPU
	EndGlobalSection
	GlobalSection(SolutionProperties) = preSolution
		HideSolutionNode = FALSE
	EndGlobalSection
	GlobalSection(ExtensibilityGlobals) = postSolution
		SolutionGuid = {8F38BAA4-A007-4179-8C83-1B0B49E74CB0}
	EndGlobalSection
EndGlobal
